// !$*UTF8*$!
{
	archiveVersion = 1;
	classes = {
	};
	objectVersion = 50;
	objects = {

/* Begin PBXBuildFile section */
		4790F8532120AE1500AC5823 /* main.swift in Sources */ = {isa = PBXBuildFile; fileRef = 4790F8522120AE1500AC5823 /* main.swift */; };
		4790F85A2120AE6800AC5823 /* Monster2.swift in Sources */ = {isa = PBXBuildFile; fileRef = 4790F8592120AE6800AC5823 /* Monster2.swift */; };
		4790F85C2120AE9D00AC5823 /* Zombie2.swift in Sources */ = {isa = PBXBuildFile; fileRef = 4790F85B2120AE9D00AC5823 /* Zombie2.swift */; };
		4790F85E2120AEC300AC5823 /* Town2.swift in Sources */ = {isa = PBXBuildFile; fileRef = 4790F85D2120AEC300AC5823 /* Town2.swift */; };
		4790F8622120E19D00AC5823 /* Vampire.swift in Sources */ = {isa = PBXBuildFile; fileRef = 4790F8612120E19D00AC5823 /* Vampire.swift */; };
/* End PBXBuildFile section */

/* Begin PBXCopyFilesBuildPhase section */
		4790F84D2120AE1500AC5823 /* CopyFiles */ = {
			isa = PBXCopyFilesBuildPhase;
			buildActionMask = 2147483647;
			dstPath = /usr/share/man/man1/;
			dstSubfolderSpec = 0;
			files = (
			);
			runOnlyForDeploymentPostprocessing = 1;
		};
/* End PBXCopyFilesBuildPhase section */

/* Begin PBXFileReference section */
		4790F84F2120AE1500AC5823 /* MonsterTown4.BNR */ = {isa = PBXFileReference; explicitFileType = "compiled.mach-o.executable"; includeInIndex = 0; path = MonsterTown4.BNR; sourceTree = BUILT_PRODUCTS_DIR; };
		4790F8522120AE1500AC5823 /* main.swift */ = {isa = PBXFileReference; lastKnownFileType = sourcecode.swift; path = main.swift; sourceTree = "<group>"; };
		4790F8592120AE6800AC5823 /* Monster2.swift */ = {isa = PBXFileReference; lastKnownFileType = sourcecode.swift; path = Monster2.swift; sourceTree = "<group>"; };
		4790F85B2120AE9D00AC5823 /* Zombie2.swift */ = {isa = PBXFileReference; lastKnownFileType = sourcecode.swift; path = Zombie2.swift; sourceTree = "<group>"; };
		4790F85D2120AEC300AC5823 /* Town2.swift */ = {isa = PBXFileReference; lastKnownFileType = sourcecode.swift; path = Town2.swift; sourceTree = "<group>"; };
		4790F8612120E19D00AC5823 /* Vampire.swift */ = {isa = PBXFileReference; lastKnownFileType = sourcecode.swift; path = Vampire.swift; sourceTree = "<group>"; };
/* End PBXFileReference section */

/* Begin PBXFrameworksBuildPhase section */
		4790F84C2120AE1500AC5823 /* Frameworks */ = {
			isa = PBXFrameworksBuildPhase;
			buildActionMask = 2147483647;
			files = (
			);
			runOnlyForDeploymentPostprocessing = 0;
		};
/* End PBXFrameworksBuildPhase section */

/* Begin PBXGroup section */
		4790F8462120AE1500AC5823 = {
			isa = PBXGroup;
			children = (
				4790F8512120AE1500AC5823 /* MonsterTown4.BNR */,
				4790F8502120AE1500AC5823 /* Products */,
			);
			sourceTree = "<group>";
		};
		4790F8502120AE1500AC5823 /* Products */ = {
			isa = PBXGroup;
			children = (
				4790F84F2120AE1500AC5823 /* MonsterTown4.BNR */,
			);
			name = Products;
			sourceTree = "<group>";
		};
		4790F8512120AE1500AC5823 /* MonsterTown4.BNR */ = {
			isa = PBXGroup;
			children = (
				4790F8522120AE1500AC5823 /* main.swift */,
				4790F8612120E19D00AC5823 /* Vampire.swift */,
				4790F8592120AE6800AC5823 /* Monster2.swift */,
				4790F85B2120AE9D00AC5823 /* Zombie2.swift */,
				4790F85D2120AEC300AC5823 /* Town2.swift */,
			);
			path = MonsterTown4.BNR;
			sourceTree = "<group>";
		};
/* End PBXGroup section */

/* Begin PBXNativeTarget section */
		4790F84E2120AE1500AC5823 /* MonsterTown4.BNR */ = {
			isa = PBXNativeTarget;
			buildConfigurationList = 4790F8562120AE1500AC5823 /* Build configuration list for PBXNativeTarget "MonsterTown4.BNR" */;
			buildPhases = (
				4790F84B2120AE1500AC5823 /* Sources */,
				4790F84C2120AE1500AC5823 /* Frameworks */,
				4790F84D2120AE1500AC5823 /* CopyFiles */,
			);
			buildRules = (
			);
			dependencies = (
			);
			name = MonsterTown4.BNR;
			productName = MonsterTown4.BNR;
			productReference = 4790F84F2120AE1500AC5823 /* MonsterTown4.BNR */;
			productType = "com.apple.product-type.tool";
		};
/* End PBXNativeTarget section */

/* Begin PBXProject section */
		4790F8472120AE1500AC5823 /* Project object */ = {
			isa = PBXProject;
			attributes = {
				LastSwiftUpdateCheck = 0940;
				LastUpgradeCheck = 0940;
				ORGANIZATIONNAME = BNR.ramcomw;
				TargetAttributes = {
					4790F84E2120AE1500AC5823 = {
						CreatedOnToolsVersion = 9.4.1;
					};
				};
			};
			buildConfigurationList = 4790F84A2120AE1500AC5823 /* Build configuration list for PBXProject "MonsterTown4.BNR" */;
			compatibilityVersion = "Xcode 9.3";
			developmentRegion = en;
			hasScannedForEncodings = 0;
			knownRegions = (
				en,
			);
			mainGroup = 4790F8462120AE1500AC5823;
			productRefGroup = 4790F8502120AE1500AC5823 /* Products */;
			projectDirPath = "";
			projectRoot = "";
			targets = (
				4790F84E2120AE1500AC5823 /* MonsterTown4.BNR */,
			);
		};
/* End PBXProject section */

/* Begin PBXSourcesBuildPhase section */
		4790F84B2120AE1500AC5823 /* Sources */ = {
			isa = PBXSourcesBuildPhase;
			buildActionMask = 2147483647;
			files = (
				4790F85E2120AEC300AC5823 /* Town2.swift in Sources */,
				4790F8532120AE1500AC5823 /* main.swift in Sources */,
				4790F85A2120AE6800AC5823 /* Monster2.swift in Sources */,
				4790F8622120E19D00AC5823 /* Vampire.swift in Sources */,
				4790F85C2120AE9D00AC5823 /* Zombie2.swift in Sources */,
			);
			runOnlyForDeploymentPostprocessing = 0;
		};
/* End PBXSourcesBuildPhase section */

/* Begin XCBuildConfiguration section */
		4790F8542120AE1500AC5823 /* Debug */ = {
			isa = XCBuildConfiguration;
			buildSettings = {
				ALWAYS_SEARCH_USER_PATHS = NO;
				CLANG_ANALYZER_NONNULL = YES;
				CLANG_ANALYZER_NUMBER_OBJECT_CONVERSION = YES_AGGRESSIVE;
				CLANG_CXX_LANGUAGE_STANDARD = "gnu++14";
				CLANG_CXX_LIBRARY = "libc++";
				CLANG_ENABLE_MODULES = YES;
				CLANG_ENABLE_OBJC_ARC = YES;
				CLANG_ENABLE_OBJC_WEAK = YES;
				CLANG_WARN_BLOCK_CAPTURE_AUTORELEASING = YES;
				CLANG_WARN_BOOL_CONVERSION = YES;
				CLANG_WARN_COMMA = YES;
				CLANG_WARN_CONSTANT_CONVERSION = YES;
				CLANG_WARN_DEPRECATED_OBJC_IMPLEMENTATIONS = YES;
				CLANG_WARN_DIRECT_OBJC_ISA_USAGE = YES_ERROR;
				CLANG_WARN_DOCUMENTATION_COMMENTS = YES;
				CLANG_WARN_EMPTY_BODY = YES;
				CLANG_WARN_ENUM_CONVERSION = YES;
				CLANG_WARN_INFINITE_RECURSION = YES;
				CLANG_WARN_INT_CONVERSION = YES;
				CLANG_WARN_NON_LITERAL_NULL_CONVERSION = YES;
				CLANG_WARN_OBJC_IMPLICIT_RETAIN_SELF = YES;
				CLANG_WARN_OBJC_LITERAL_CONVERSION = YES;
				CLANG_WARN_OBJC_ROOT_CLASS = YES_ERROR;
				CLANG_WARN_RANGE_LOOP_ANALYSIS = YES;
				CLANG_WARN_STRICT_PROTOTYPES = YES;
				CLANG_WARN_SUSPICIOUS_MOVE = YES;
				CLANG_WARN_UNGUARDED_AVAILABILITY = YES_AGGRESSIVE;
				CLANG_WARN_UNREACHABLE_CODE = YES;
				CLANG_WARN__DUPLICATE_METHOD_MATCH = YES;
				CODE_SIGN_IDENTITY = "Mac Developer";
				COPY_PHASE_STRIP = NO;
				DEBUG_INFORMATION_FORMAT = dwarf;
				ENABLE_STRICT_OBJC_MSGSEND = YES;
				ENABLE_TESTABILITY = YES;
				GCC_C_LANGUAGE_STANDARD = gnu11;
				GCC_DYNAMIC_NO_PIC = NO;
				GCC_NO_COMMON_BLOCKS = YES;
				GCC_OPTIMIZATION_LEVEL = 0;
				GCC_PREPROCESSOR_DEFINITIONS = (
					"DEBUG=1",
					"$(inherited)",
				);
				GCC_WARN_64_TO_32_BIT_CONVERSION = YES;
				GCC_WARN_ABOUT_RETURN_TYPE = YES_ERROR;
				GCC_WARN_UNDECLARED_SELECTOR = YES;
				GCC_WARN_UNINITIALIZED_AUTOS = YES_AGGRESSIVE;
				GCC_WARN_UNUSED_FUNCTION = YES;
				GCC_WARN_UNUSED_VARIABLE = YES;
				MACOSX_DEPLOYMENT_TARGET = 10.13;
				MTL_ENABLE_DEBUG_INFO = YES;
				ONLY_ACTIVE_ARCH = YES;
				SDKROOT = macosx;
				SWIFT_ACTIVE_COMPILATION_CONDITIONS = DEBUG;
				SWIFT_OPTIMIZATION_LEVEL = "-Onone";
			};
			name = Debug;
		};
		4790F8552120AE1500AC5823 /* Release */ = {
			isa = XCBuildConfiguration;
			buildSettings = {
				ALWAYS_SEARCH_USER_PATHS = NO;
				CLANG_ANALYZER_NONNULL = YES;
				CLANG_ANALYZER_NUMBER_OBJECT_CONVERSION = YES_AGGRESSIVE;
				CLANG_CXX_LANGUAGE_STANDARD = "gnu++14";
				CLANG_CXX_LIBRARY = "libc++";
				CLANG_ENABLE_MODULES = YES;
				CLANG_ENABLE_OBJC_ARC = YES;
				CLANG_ENABLE_OBJC_WEAK = YES;
				CLANG_WARN_BLOCK_CAPTURE_AUTORELEASING = YES;
				CLANG_WARN_BOOL_CONVERSION = YES;
				CLANG_WARN_COMMA = YES;
				CLANG_WARN_CONSTANT_CONVERSION = YES;
				CLANG_WARN_DEPRECATED_OBJC_IMPLEMENTATIONS = YES;
				CLANG_WARN_DIRECT_OBJC_ISA_USAGE = YES_ERROR;
				CLANG_WARN_DOCUMENTATION_COMMENTS = YES;
				CLANG_WARN_EMPTY_BODY = YES;
				CLANG_WARN_ENUM_CONVERSION = YES;
				CLANG_WARN_INFINITE_RECURSION = YES;
				CLANG_WARN_INT_CONVERSION = YES;
				CLANG_WARN_NON_LITERAL_NULL_CONVERSION = YES;
				CLANG_WARN_OBJC_IMPLICIT_RETAIN_SELF = YES;
				CLANG_WARN_OBJC_LITERAL_CONVERSION = YES;
				CLANG_WARN_OBJC_ROOT_CLASS = YES_ERROR;
				CLANG_WARN_RANGE_LOOP_ANALYSIS = YES;
				CLANG_WARN_STRICT_PROTOTYPES = YES;
				CLANG_WARN_SUSPICIOUS_MOVE = YES;
				CLANG_WARN_UNGUARDED_AVAILABILITY = YES_AGGRESSIVE;
				CLANG_WARN_UNREACHABLE_CODE = YES;
				CLANG_WARN__DUPLICATE_METHOD_MATCH = YES;
				CODE_SIGN_IDENTITY = "Mac Developer";
				COPY_PHASE_STRIP = NO;
				DEBUG_INFORMATION_FORMAT = "dwarf-with-dsym";
				ENABLE_NS_ASSERTIONS = NO;
				ENABLE_STRICT_OBJC_MSGSEND = YES;
				GCC_C_LANGUAGE_STANDARD = gnu11;
				GCC_NO_COMMON_BLOCKS = YES;
				GCC_WARN_64_TO_32_BIT_CONVERSION = YES;
				GCC_WARN_ABOUT_RETURN_TYPE = YES_ERROR;
				GCC_WARN_UNDECLARED_SELECTOR = YES;
				GCC_WARN_UNINITIALIZED_AUTOS = YES_AGGRESSIVE;
				GCC_WARN_UNUSED_FUNCTION = YES;
				GCC_WARN_UNUSED_VARIABLE = YES;
				MACOSX_DEPLOYMENT_TARGET = 10.13;
				MTL_ENABLE_DEBUG_INFO = NO;
				SDKROOT = macosx;
				SWIFT_COMPILATION_MODE = wholemodule;
				SWIFT_OPTIMIZATION_LEVEL = "-O";
			};
			name = Release;
		};
		4790F8572120AE1500AC5823 /* Debug */ = {
			isa = XCBuildConfiguration;
			buildSettings = {
				CODE_SIGN_STYLE = Automatic;
				DEVELOPMENT_TEAM = L7AYJDAX2C;
				PRODUCT_NAME = "$(TARGET_NAME)";
				SWIFT_VERSION = 4.0;
			};
			name = Debug;
		};
		4790F8582120AE1500AC5823 /* Release */ = {
			isa = XCBuildConfiguration;
			buildSettings = {
				CODE_SIGN_STYLE = Automatic;
				DEVELOPMENT_TEAM = L7AYJDAX2C;
				PRODUCT_NAME = "$(TARGET_NAME)";
				SWIFT_VERSION = 4.0;
			};
			name = Release;
		};
/* End XCBuildConfiguration section */

/* Begin XCConfigurationList section */
		4790F84A2120AE1500AC5823 /* Build configuration list for PBXProject "MonsterTown4.BNR" */ = {
			isa = XCConfigurationList;
			buildConfigurations = (
				4790F8542120AE1500AC5823 /* Debug */,
				4790F8552120AE1500AC5823 /* Release */,
			);
			defaultConfigurationIsVisible = 0;
			defaultConfigurationName = Release;
		};
		4790F8562120AE1500AC5823 /* Build configuration list for PBXNativeTarget "MonsterTown4.BNR" */ = {
			isa = XCConfigurationList;
			buildConfigurations = (
				4790F8572120AE1500AC5823 /* Debug */,
				4790F8582120AE1500AC5823 /* Release */,
			);
			defaultConfigurationIsVisible = 0;
			defaultConfigurationName = Release;
		};
/* End XCConfigurationList section */
	};
	rootObject = 4790F8472120AE1500AC5823 /* Project object */;
}
